# Pins for docker/Dockerfile.upstream (keep the Dockerfile ARG defaults in sync)
# and scripts/check-upstream-drift.sh. Mirrors Anemll/dspark-vllm-gx10's
# upstream.lock at ANEMLL_OVERLAY_COMMIT, plus our own overlay pin.
VLLM_BASE_IMAGE=vllm/vllm-openai:v0.25.1
VLLM_REPOSITORY=https://github.com/vllm-project/vllm.git
VLLM_TAG=v0.25.1
VLLM_COMMIT=752a3a504485790a2e8491cacbb35c137339ad34
FLASHINFER_REPOSITORY=https://github.com/flashinfer-ai/flashinfer.git
FLASHINFER_COMMIT=0472b9b3f2fba11b463f8526f390297d52a8aad7
B12X_REPOSITORY=https://github.com/lukealonso/b12x.git
B12X_COMMIT=7dc6fb8fcc6446ea093537d1657df81985fa5f43
CUTLASS_DSL_VERSION=4.5.2
CUDA_PYTHON_VERSION=13.3.1
TVM_FFI_VERSION=0.1.9
ANEMLL_OVERLAY_REPO=https://github.com/Anemll/dspark-vllm-gx10.git
ANEMLL_OVERLAY_COMMIT=47503f8e38dadd4dededca798150db2619594fce
